// !$*UTF8*$!
{
	archiveVersion = 1;
	classes = {
	};
	objectVersion = 56;
	objects = {

/* Begin PBXBuildFile section */
		81BAD69F2BB2363C009759AF /* ListRowItemView.swift in Sources */ = {isa = PBXBuildFile; fileRef = 81BAD69E2BB2363C009759AF /* ListRowItemView.swift */; };
		81CFBF432BAE26D300EA0852 /* HideKeyboardExtension.swift in Sources */ = {isa = PBXBuildFile; fileRef = 81CFBF422BAE26D300EA0852 /* HideKeyboardExtension.swift */; };
		81CFBF452BAE2E9E00EA0852 /* BackgroundImageView.swift in Sources */ = {isa = PBXBuildFile; fileRef = 81CFBF442BAE2E9E00EA0852 /* BackgroundImageView.swift */; };
		81CFBF472BAF4DB100EA0852 /* NewTaskItemView.swift in Sources */ = {isa = PBXBuildFile; fileRef = 81CFBF462BAF4DB100EA0852 /* NewTaskItemView.swift */; };
		81CFBF492BAF5A8500EA0852 /* BlankView.swift in Sources */ = {isa = PBXBuildFile; fileRef = 81CFBF482BAF5A8500EA0852 /* BlankView.swift */; };
		81DBDE022BA8AC23008246F1 /* Devote_TodoApp.swift in Sources */ = {isa = PBXBuildFile; fileRef = 81DBDE012BA8AC23008246F1 /* Devote_TodoApp.swift */; };
		81DBDE042BA8AC23008246F1 /* ContentView.swift in Sources */ = {isa = PBXBuildFile; fileRef = 81DBDE032BA8AC23008246F1 /* ContentView.swift */; };
		81DBDE062BA8AC24008246F1 /* Assets.xcassets in Resources */ = {isa = PBXBuildFile; fileRef = 81DBDE052BA8AC24008246F1 /* Assets.xcassets */; };
		81DBDE092BA8AC24008246F1 /* Preview Assets.xcassets in Resources */ = {isa = PBXBuildFile; fileRef = 81DBDE082BA8AC24008246F1 /* Preview Assets.xcassets */; };
		81DBDE0B2BA8AC24008246F1 /* Persistence.swift in Sources */ = {isa = PBXBuildFile; fileRef = 81DBDE0A2BA8AC24008246F1 /* Persistence.swift */; };
		81DBDE0E2BA8AC24008246F1 /* Devote_Todo.xcdatamodeld in Sources */ = {isa = PBXBuildFile; fileRef = 81DBDE0C2BA8AC24008246F1 /* Devote_Todo.xcdatamodeld */; };
		81DBDE172BAA5E02008246F1 /* sound-ding.mp3 in Resources */ = {isa = PBXBuildFile; fileRef = 81DBDE142BAA5E02008246F1 /* sound-ding.mp3 */; };
		81DBDE182BAA5E02008246F1 /* sound-rise.mp3 in Resources */ = {isa = PBXBuildFile; fileRef = 81DBDE152BAA5E02008246F1 /* sound-rise.mp3 */; };
		81DBDE192BAA5E02008246F1 /* sound-tap.mp3 in Resources */ = {isa = PBXBuildFile; fileRef = 81DBDE162BAA5E02008246F1 /* sound-tap.mp3 */; };
		81DBDE262BAA6983008246F1 /* Constants.swift in Sources */ = {isa = PBXBuildFile; fileRef = 81DBDE252BAA6983008246F1 /* Constants.swift */; };
/* End PBXBuildFile section */

/* Begin PBXFileReference section */
		81BAD69E2BB2363C009759AF /* ListRowItemView.swift */ = {isa = PBXFileReference; lastKnownFileType = sourcecode.swift; path = ListRowItemView.swift; sourceTree = "<group>"; };
		81CFBF422BAE26D300EA0852 /* HideKeyboardExtension.swift */ = {isa = PBXFileReference; lastKnownFileType = sourcecode.swift; path = HideKeyboardExtension.swift; sourceTree = "<group>"; };
		81CFBF442BAE2E9E00EA0852 /* BackgroundImageView.swift */ = {isa = PBXFileReference; lastKnownFileType = sourcecode.swift; path = BackgroundImageView.swift; sourceTree = "<group>"; };
		81CFBF462BAF4DB100EA0852 /* NewTaskItemView.swift */ = {isa = PBXFileReference; lastKnownFileType = sourcecode.swift; path = NewTaskItemView.swift; sourceTree = "<group>"; };
		81CFBF482BAF5A8500EA0852 /* BlankView.swift */ = {isa = PBXFileReference; lastKnownFileType = sourcecode.swift; path = BlankView.swift; sourceTree = "<group>"; };
		81DBDDFE2BA8AC23008246F1 /* Devote-Todo.app */ = {isa = PBXFileReference; explicitFileType = wrapper.application; includeInIndex = 0; path = "Devote-Todo.app"; sourceTree = BUILT_PRODUCTS_DIR; };
		81DBDE012BA8AC23008246F1 /* Devote_TodoApp.swift */ = {isa = PBXFileReference; lastKnownFileType = sourcecode.swift; path = Devote_TodoApp.swift; sourceTree = "<group>"; };
		81DBDE032BA8AC23008246F1 /* ContentView.swift */ = {isa = PBXFileReference; lastKnownFileType = sourcecode.swift; path = ContentView.swift; sourceTree = "<group>"; };
		81DBDE052BA8AC24008246F1 /* Assets.xcassets */ = {isa = PBXFileReference; lastKnownFileType = folder.assetcatalog; path = Assets.xcassets; sourceTree = "<group>"; };
		81DBDE082BA8AC24008246F1 /* Preview Assets.xcassets */ = {isa = PBXFileReference; lastKnownFileType = folder.assetcatalog; path = "Preview Assets.xcassets"; sourceTree = "<group>"; };
		81DBDE0A2BA8AC24008246F1 /* Persistence.swift */ = {isa = PBXFileReference; lastKnownFileType = sourcecode.swift; path = Persistence.swift; sourceTree = "<group>"; };
		81DBDE0D2BA8AC24008246F1 /* Devote_Todo.xcdatamodel */ = {isa = PBXFileReference; lastKnownFileType = wrapper.xcdatamodel; path = Devote_Todo.xcdatamodel; sourceTree = "<group>"; };
		81DBDE142BAA5E02008246F1 /* sound-ding.mp3 */ = {isa = PBXFileReference; lastKnownFileType = audio.mp3; path = "sound-ding.mp3"; sourceTree = "<group>"; };
		81DBDE152BAA5E02008246F1 /* sound-rise.mp3 */ = {isa = PBXFileReference; lastKnownFileType = audio.mp3; path = "sound-rise.mp3"; sourceTree = "<group>"; };
		81DBDE162BAA5E02008246F1 /* sound-tap.mp3 */ = {isa = PBXFileReference; lastKnownFileType = audio.mp3; path = "sound-tap.mp3"; sourceTree = "<group>"; };
		81DBDE202BAA5EC7008246F1 /* Info.plist */ = {isa = PBXFileReference; lastKnownFileType = text.plist; path = Info.plist; sourceTree = "<group>"; };
		81DBDE252BAA6983008246F1 /* Constants.swift */ = {isa = PBXFileReference; lastKnownFileType = sourcecode.swift; path = Constants.swift; sourceTree = "<group>"; };
/* End PBXFileReference section */

/* Begin PBXFrameworksBuildPhase section */
		81DBDDFB2BA8AC23008246F1 /* Frameworks */ = {
			isa = PBXFrameworksBuildPhase;
			buildActionMask = 2147483647;
			files = (
			);
			runOnlyForDeploymentPostprocessing = 0;
		};
/* End PBXFrameworksBuildPhase section */

/* Begin PBXGroup section */
		81DBDDF52BA8AC23008246F1 = {
			isa = PBXGroup;
			children = (
				81DBDE002BA8AC23008246F1 /* Devote-Todo */,
				81DBDDFF2BA8AC23008246F1 /* Products */,
			);
			sourceTree = "<group>";
		};
		81DBDDFF2BA8AC23008246F1 /* Products */ = {
			isa = PBXGroup;
			children = (
				81DBDDFE2BA8AC23008246F1 /* Devote-Todo.app */,
			);
			name = Products;
			sourceTree = "<group>";
		};
		81DBDE002BA8AC23008246F1 /* Devote-Todo */ = {
			isa = PBXGroup;
			children = (
				81DBDE202BAA5EC7008246F1 /* Info.plist */,
				81DBDE1F2BAA5E77008246F1 /* Model */,
				81DBDE1E2BAA5E59008246F1 /* Sound */,
				81DBDE1D2BAA5E53008246F1 /* Style */,
				81DBDE1C2BAA5E48008246F1 /* Utility */,
				81DBDE1B2BAA5E3E008246F1 /* Extension */,
				81DBDE1A2BAA5E31008246F1 /* View */,
				81DBDE012BA8AC23008246F1 /* Devote_TodoApp.swift */,
				81DBDE052BA8AC24008246F1 /* Assets.xcassets */,
				81DBDE072BA8AC24008246F1 /* Preview Content */,
			);
			path = "Devote-Todo";
			sourceTree = "<group>";
		};
		81DBDE072BA8AC24008246F1 /* Preview Content */ = {
			isa = PBXGroup;
			children = (
				81DBDE082BA8AC24008246F1 /* Preview Assets.xcassets */,
			);
			path = "Preview Content";
			sourceTree = "<group>";
		};
		81DBDE1A2BAA5E31008246F1 /* View */ = {
			isa = PBXGroup;
			children = (
				81DBDE032BA8AC23008246F1 /* ContentView.swift */,
				81CFBF442BAE2E9E00EA0852 /* BackgroundImageView.swift */,
				81CFBF462BAF4DB100EA0852 /* NewTaskItemView.swift */,
				81CFBF482BAF5A8500EA0852 /* BlankView.swift */,
				81BAD69E2BB2363C009759AF /* ListRowItemView.swift */,
			);
			path = View;
			sourceTree = "<group>";
		};
		81DBDE1B2BAA5E3E008246F1 /* Extension */ = {
			isa = PBXGroup;
			children = (
				81CFBF422BAE26D300EA0852 /* HideKeyboardExtension.swift */,
			);
			path = Extension;
			sourceTree = "<group>";
		};
		81DBDE1C2BAA5E48008246F1 /* Utility */ = {
			isa = PBXGroup;
			children = (
				81DBDE252BAA6983008246F1 /* Constants.swift */,
			);
			path = Utility;
			sourceTree = "<group>";
		};
		81DBDE1D2BAA5E53008246F1 /* Style */ = {
			isa = PBXGroup;
			children = (
			);
			path = Style;
			sourceTree = "<group>";
		};
		81DBDE1E2BAA5E59008246F1 /* Sound */ = {
			isa = PBXGroup;
			children = (
				81DBDE142BAA5E02008246F1 /* sound-ding.mp3 */,
				81DBDE152BAA5E02008246F1 /* sound-rise.mp3 */,
				81DBDE162BAA5E02008246F1 /* sound-tap.mp3 */,
			);
			path = Sound;
			sourceTree = "<group>";
		};
		81DBDE1F2BAA5E77008246F1 /* Model */ = {
			isa = PBXGroup;
			children = (
				81DBDE0A2BA8AC24008246F1 /* Persistence.swift */,
				81DBDE0C2BA8AC24008246F1 /* Devote_Todo.xcdatamodeld */,
			);
			path = Model;
			sourceTree = "<group>";
		};
/* End PBXGroup section */

/* Begin PBXNativeTarget section */
		81DBDDFD2BA8AC23008246F1 /* Devote-Todo */ = {
			isa = PBXNativeTarget;
			buildConfigurationList = 81DBDE112BA8AC24008246F1 /* Build configuration list for PBXNativeTarget "Devote-Todo" */;
			buildPhases = (
				81DBDDFA2BA8AC23008246F1 /* Sources */,
				81DBDDFB2BA8AC23008246F1 /* Frameworks */,
				81DBDDFC2BA8AC23008246F1 /* Resources */,
			);
			buildRules = (
			);
			dependencies = (
			);
			name = "Devote-Todo";
			productName = "Devote-Todo";
			productReference = 81DBDDFE2BA8AC23008246F1 /* Devote-Todo.app */;
			productType = "com.apple.product-type.application";
		};
/* End PBXNativeTarget section */

/* Begin PBXProject section */
		81DBDDF62BA8AC23008246F1 /* Project object */ = {
			isa = PBXProject;
			attributes = {
				BuildIndependentTargetsInParallel = 1;
				LastSwiftUpdateCheck = 1510;
				LastUpgradeCheck = 1510;
				TargetAttributes = {
					81DBDDFD2BA8AC23008246F1 = {
						CreatedOnToolsVersion = 15.1;
					};
				};
			};
			buildConfigurationList = 81DBDDF92BA8AC23008246F1 /* Build configuration list for PBXProject "Devote-Todo" */;
			compatibilityVersion = "Xcode 14.0";
			developmentRegion = en;
			hasScannedForEncodings = 0;
			knownRegions = (
				en,
				Base,
			);
			mainGroup = 81DBDDF52BA8AC23008246F1;
			productRefGroup = 81DBDDFF2BA8AC23008246F1 /* Products */;
			projectDirPath = "";
			projectRoot = "";
			targets = (
				81DBDDFD2BA8AC23008246F1 /* Devote-Todo */,
			);
		};
/* End PBXProject section */

/* Begin PBXResourcesBuildPhase section */
		81DBDDFC2BA8AC23008246F1 /* Resources */ = {
			isa = PBXResourcesBuildPhase;
			buildActionMask = 2147483647;
			files = (
				81DBDE092BA8AC24008246F1 /* Preview Assets.xcassets in Resources */,
				81DBDE182BAA5E02008246F1 /* sound-rise.mp3 in Resources */,
				81DBDE062BA8AC24008246F1 /* Assets.xcassets in Resources */,
				81DBDE192BAA5E02008246F1 /* sound-tap.mp3 in Resources */,
				81DBDE172BAA5E02008246F1 /* sound-ding.mp3 in Resources */,
			);
			runOnlyForDeploymentPostprocessing = 0;
		};
/* End PBXResourcesBuildPhase section */

/* Begin PBXSourcesBuildPhase section */
		81DBDDFA2BA8AC23008246F1 /* Sources */ = {
			isa = PBXSourcesBuildPhase;
			buildActionMask = 2147483647;
			files = (
				81DBDE262BAA6983008246F1 /* Constants.swift in Sources */,
				81CFBF452BAE2E9E00EA0852 /* BackgroundImageView.swift in Sources */,
				81DBDE0E2BA8AC24008246F1 /* Devote_Todo.xcdatamodeld in Sources */,
				81CFBF432BAE26D300EA0852 /* HideKeyboardExtension.swift in Sources */,
				81CFBF492BAF5A8500EA0852 /* BlankView.swift in Sources */,
				81DBDE0B2BA8AC24008246F1 /* Persistence.swift in Sources */,
				81BAD69F2BB2363C009759AF /* ListRowItemView.swift in Sources */,
				81DBDE042BA8AC23008246F1 /* ContentView.swift in Sources */,
				81DBDE022BA8AC23008246F1 /* Devote_TodoApp.swift in Sources */,
				81CFBF472BAF4DB100EA0852 /* NewTaskItemView.swift in Sources */,
			);
			runOnlyForDeploymentPostprocessing = 0;
		};
/* End PBXSourcesBuildPhase section */

/* Begin XCBuildConfiguration section */
		81DBDE0F2BA8AC24008246F1 /* Debug */ = {
			isa = XCBuildConfiguration;
			buildSettings = {
				ALWAYS_SEARCH_USER_PATHS = NO;
				ASSETCATALOG_COMPILER_GENERATE_SWIFT_ASSET_SYMBOL_EXTENSIONS = YES;
				CLANG_ANALYZER_NONNULL = YES;
				CLANG_ANALYZER_NUMBER_OBJECT_CONVERSION = YES_AGGRESSIVE;
				CLANG_CXX_LANGUAGE_STANDARD = "gnu++20";
				CLANG_ENABLE_MODULES = YES;
				CLANG_ENABLE_OBJC_ARC = YES;
				CLANG_ENABLE_OBJC_WEAK = YES;
				CLANG_WARN_BLOCK_CAPTURE_AUTORELEASING = YES;
				CLANG_WARN_BOOL_CONVERSION = YES;
				CLANG_WARN_COMMA = YES;
				CLANG_WARN_CONSTANT_CONVERSION = YES;
				CLANG_WARN_DEPRECATED_OBJC_IMPLEMENTATIONS = YES;
				CLANG_WARN_DIRECT_OBJC_ISA_USAGE = YES_ERROR;
				CLANG_WARN_DOCUMENTATION_COMMENTS = YES;
				CLANG_WARN_EMPTY_BODY = YES;
				CLANG_WARN_ENUM_CONVERSION = YES;
				CLANG_WARN_INFINITE_RECURSION = YES;
				CLANG_WARN_INT_CONVERSION = YES;
				CLANG_WARN_NON_LITERAL_NULL_CONVERSION = YES;
				CLANG_WARN_OBJC_IMPLICIT_RETAIN_SELF = YES;
				CLANG_WARN_OBJC_LITERAL_CONVERSION = YES;
				CLANG_WARN_OBJC_ROOT_CLASS = YES_ERROR;
				CLANG_WARN_QUOTED_INCLUDE_IN_FRAMEWORK_HEADER = YES;
				CLANG_WARN_RANGE_LOOP_ANALYSIS = YES;
				CLANG_WARN_STRICT_PROTOTYPES = YES;
				CLANG_WARN_SUSPICIOUS_MOVE = YES;
				CLANG_WARN_UNGUARDED_AVAILABILITY = YES_AGGRESSIVE;
				CLANG_WARN_UNREACHABLE_CODE = YES;
				CLANG_WARN__DUPLICATE_METHOD_MATCH = YES;
				COPY_PHASE_STRIP = NO;
				DEBUG_INFORMATION_FORMAT = dwarf;
				ENABLE_STRICT_OBJC_MSGSEND = YES;
				ENABLE_TESTABILITY = YES;
				ENABLE_USER_SCRIPT_SANDBOXING = YES;
				GCC_C_LANGUAGE_STANDARD = gnu17;
				GCC_DYNAMIC_NO_PIC = NO;
				GCC_NO_COMMON_BLOCKS = YES;
				GCC_OPTIMIZATION_LEVEL = 0;
				GCC_PREPROCESSOR_DEFINITIONS = (
					"DEBUG=1",
					"$(inherited)",
				);
				GCC_WARN_64_TO_32_BIT_CONVERSION = YES;
				GCC_WARN_ABOUT_RETURN_TYPE = YES_ERROR;
				GCC_WARN_UNDECLARED_SELECTOR = YES;
				GCC_WARN_UNINITIALIZED_AUTOS = YES_AGGRESSIVE;
				GCC_WARN_UNUSED_FUNCTION = YES;
				GCC_WARN_UNUSED_VARIABLE = YES;
				IPHONEOS_DEPLOYMENT_TARGET = 17.2;
				LOCALIZATION_PREFERS_STRING_CATALOGS = YES;
				MTL_ENABLE_DEBUG_INFO = INCLUDE_SOURCE;
				MTL_FAST_MATH = YES;
				ONLY_ACTIVE_ARCH = YES;
				SDKROOT = iphoneos;
				SWIFT_ACTIVE_COMPILATION_CONDITIONS = "DEBUG $(inherited)";
				SWIFT_OPTIMIZATION_LEVEL = "-Onone";
			};
			name = Debug;
		};
		81DBDE102BA8AC24008246F1 /* Release */ = {
			isa = XCBuildConfiguration;
			buildSettings = {
				ALWAYS_SEARCH_USER_PATHS = NO;
				ASSETCATALOG_COMPILER_GENERATE_SWIFT_ASSET_SYMBOL_EXTENSIONS = YES;
				CLANG_ANALYZER_NONNULL = YES;
				CLANG_ANALYZER_NUMBER_OBJECT_CONVERSION = YES_AGGRESSIVE;
				CLANG_CXX_LANGUAGE_STANDARD = "gnu++20";
				CLANG_ENABLE_MODULES = YES;
				CLANG_ENABLE_OBJC_ARC = YES;
				CLANG_ENABLE_OBJC_WEAK = YES;
				CLANG_WARN_BLOCK_CAPTURE_AUTORELEASING = YES;
				CLANG_WARN_BOOL_CONVERSION = YES;
				CLANG_WARN_COMMA = YES;
				CLANG_WARN_CONSTANT_CONVERSION = YES;
				CLANG_WARN_DEPRECATED_OBJC_IMPLEMENTATIONS = YES;
				CLANG_WARN_DIRECT_OBJC_ISA_USAGE = YES_ERROR;
				CLANG_WARN_DOCUMENTATION_COMMENTS = YES;
				CLANG_WARN_EMPTY_BODY = YES;
				CLANG_WARN_ENUM_CONVERSION = YES;
				CLANG_WARN_INFINITE_RECURSION = YES;
				CLANG_WARN_INT_CONVERSION = YES;
				CLANG_WARN_NON_LITERAL_NULL_CONVERSION = YES;
				CLANG_WARN_OBJC_IMPLICIT_RETAIN_SELF = YES;
				CLANG_WARN_OBJC_LITERAL_CONVERSION = YES;
				CLANG_WARN_OBJC_ROOT_CLASS = YES_ERROR;
				CLANG_WARN_QUOTED_INCLUDE_IN_FRAMEWORK_HEADER = YES;
				CLANG_WARN_RANGE_LOOP_ANALYSIS = YES;
				CLANG_WARN_STRICT_PROTOTYPES = YES;
				CLANG_WARN_SUSPICIOUS_MOVE = YES;
				CLANG_WARN_UNGUARDED_AVAILABILITY = YES_AGGRESSIVE;
				CLANG_WARN_UNREACHABLE_CODE = YES;
				CLANG_WARN__DUPLICATE_METHOD_MATCH = YES;
				COPY_PHASE_STRIP = NO;
				DEBUG_INFORMATION_FORMAT = "dwarf-with-dsym";
				ENABLE_NS_ASSERTIONS = NO;
				ENABLE_STRICT_OBJC_MSGSEND = YES;
				ENABLE_USER_SCRIPT_SANDBOXING = YES;
				GCC_C_LANGUAGE_STANDARD = gnu17;
				GCC_NO_COMMON_BLOCKS = YES;
				GCC_WARN_64_TO_32_BIT_CONVERSION = YES;
				GCC_WARN_ABOUT_RETURN_TYPE = YES_ERROR;
				GCC_WARN_UNDECLARED_SELECTOR = YES;
				GCC_WARN_UNINITIALIZED_AUTOS = YES_AGGRESSIVE;
				GCC_WARN_UNUSED_FUNCTION = YES;
				GCC_WARN_UNUSED_VARIABLE = YES;
				IPHONEOS_DEPLOYMENT_TARGET = 17.2;
				LOCALIZATION_PREFERS_STRING_CATALOGS = YES;
				MTL_ENABLE_DEBUG_INFO = NO;
				MTL_FAST_MATH = YES;
				SDKROOT = iphoneos;
				SWIFT_COMPILATION_MODE = wholemodule;
				VALIDATE_PRODUCT = YES;
			};
			name = Release;
		};
		81DBDE122BA8AC24008246F1 /* Debug */ = {
			isa = XCBuildConfiguration;
			buildSettings = {
				ASSETCATALOG_COMPILER_APPICON_NAME = AppIcon;
				ASSETCATALOG_COMPILER_GLOBAL_ACCENT_COLOR_NAME = AccentColor;
				CODE_SIGN_STYLE = Automatic;
				CURRENT_PROJECT_VERSION = 1;
				DEVELOPMENT_ASSET_PATHS = "\"Devote-Todo/Preview Content\"";
				DEVELOPMENT_TEAM = 89XL2U9KQ5;
				ENABLE_PREVIEWS = YES;
				GENERATE_INFOPLIST_FILE = YES;
				INFOPLIST_FILE = "Devote-Todo/Info.plist";
				INFOPLIST_KEY_UIApplicationSceneManifest_Generation = YES;
				INFOPLIST_KEY_UIApplicationSupportsIndirectInputEvents = YES;
				INFOPLIST_KEY_UISupportedInterfaceOrientations = UIInterfaceOrientationPortrait;
				INFOPLIST_KEY_UISupportedInterfaceOrientations_iPad = "UIInterfaceOrientationLandscapeLeft UIInterfaceOrientationLandscapeRight UIInterfaceOrientationPortrait UIInterfaceOrientationPortraitUpsideDown";
				LD_RUNPATH_SEARCH_PATHS = (
					"$(inherited)",
					"@executable_path/Frameworks",
				);
				MARKETING_VERSION = 1.0;
				PRODUCT_BUNDLE_IDENTIFIER = "com.iosk.Devote-Todo";
				PRODUCT_NAME = "$(TARGET_NAME)";
				SWIFT_EMIT_LOC_STRINGS = YES;
				SWIFT_VERSION = 5.0;
				TARGETED_DEVICE_FAMILY = "1,2";
			};
			name = Debug;
		};
		81DBDE132BA8AC24008246F1 /* Release */ = {
			isa = XCBuildConfiguration;
			buildSettings = {
				ASSETCATALOG_COMPILER_APPICON_NAME = AppIcon;
				ASSETCATALOG_COMPILER_GLOBAL_ACCENT_COLOR_NAME = AccentColor;
				CODE_SIGN_STYLE = Automatic;
				CURRENT_PROJECT_VERSION = 1;
				DEVELOPMENT_ASSET_PATHS = "\"Devote-Todo/Preview Content\"";
				DEVELOPMENT_TEAM = 89XL2U9KQ5;
				ENABLE_PREVIEWS = YES;
				GENERATE_INFOPLIST_FILE = YES;
				INFOPLIST_FILE = "Devote-Todo/Info.plist";
				INFOPLIST_KEY_UIApplicationSceneManifest_Generation = YES;
				INFOPLIST_KEY_UIApplicationSupportsIndirectInputEvents = YES;
				INFOPLIST_KEY_UISupportedInterfaceOrientations = UIInterfaceOrientationPortrait;
				INFOPLIST_KEY_UISupportedInterfaceOrientations_iPad = "UIInterfaceOrientationLandscapeLeft UIInterfaceOrientationLandscapeRight UIInterfaceOrientationPortrait UIInterfaceOrientationPortraitUpsideDown";
				LD_RUNPATH_SEARCH_PATHS = (
					"$(inherited)",
					"@executable_path/Frameworks",
				);
				MARKETING_VERSION = 1.0;
				PRODUCT_BUNDLE_IDENTIFIER = "com.iosk.Devote-Todo";
				PRODUCT_NAME = "$(TARGET_NAME)";
				SWIFT_EMIT_LOC_STRINGS = YES;
				SWIFT_VERSION = 5.0;
				TARGETED_DEVICE_FAMILY = "1,2";
			};
			name = Release;
		};
/* End XCBuildConfiguration section */

/* Begin XCConfigurationList section */
		81DBDDF92BA8AC23008246F1 /* Build configuration list for PBXProject "Devote-Todo" */ = {
			isa = XCConfigurationList;
			buildConfigurations = (
				81DBDE0F2BA8AC24008246F1 /* Debug */,
				81DBDE102BA8AC24008246F1 /* Release */,
			);
			defaultConfigurationIsVisible = 0;
			defaultConfigurationName = Release;
		};
		81DBDE112BA8AC24008246F1 /* Build configuration list for PBXNativeTarget "Devote-Todo" */ = {
			isa = XCConfigurationList;
			buildConfigurations = (
				81DBDE122BA8AC24008246F1 /* Debug */,
				81DBDE132BA8AC24008246F1 /* Release */,
			);
			defaultConfigurationIsVisible = 0;
			defaultConfigurationName = Release;
		};
/* End XCConfigurationList section */

/* Begin XCVersionGroup section */
		81DBDE0C2BA8AC24008246F1 /* Devote_Todo.xcdatamodeld */ = {
			isa = XCVersionGroup;
			children = (
				81DBDE0D2BA8AC24008246F1 /* Devote_Todo.xcdatamodel */,
			);
			currentVersion = 81DBDE0D2BA8AC24008246F1 /* Devote_Todo.xcdatamodel */;
			path = Devote_Todo.xcdatamodeld;
			sourceTree = "<group>";
			versionGroupType = wrapper.xcdatamodel;
		};
/* End XCVersionGroup section */
	};
	rootObject = 81DBDDF62BA8AC23008246F1 /* Project object */;
}
